
Microsoft Visual Studio Solution File, Format Version 12.00
# Visual Studio Version 16
VisualStudioVersion = 16.0.28803.202
MinimumVisualStudioVersion = 10.0.40219.1
Project("{FAE04EC0-301F-11D3-BF4B-00C04F79EFBC}") = "ConsoleApp1", "ConsoleApp1\ConsoleApp1.csproj", "{915EB7B1-D96B-4A69-9F95-29AD761EF319}"
EndProject
Global
	GlobalSection(SolutionConfigurationPlatforms) = preSolution
		Debug|Any CPU = Debug|Any CPU
		Release|Any CPU = Release|Any CPU
	EndGlobalSection
	GlobalSection(ProjectConfigurationPlatforms) = postSolution
		{915EB7B1-D96B-4A69-9F95-29AD761EF319}.Debug|Any CPU.ActiveCfg = Debug|Any CPU
		{915EB7B1-D96B-4A69-9F95-29AD761EF319}.Debug|Any CPU.Build.0 = Debug|Any CPU
		{915EB7B1-D96B-4A69-9F95-29AD761EF319}.Release|Any CPU.ActiveCfg = Release|Any CPU
		{915EB7B1-D96B-4A69-9F95-29AD761EF319}.Release|Any CPU.Build.0 = Release|Any CPU
	EndGlobalSection
	GlobalSection(SolutionProperties) = preSolution
		HideSolutionNode = FALSE
	EndGlobalSection
	GlobalSection(ExtensibilityGlobals) = postSolution
		SolutionGuid = {84AF224E-052E-4DE3-B2E8-A6A471045F7D}
	EndGlobalSection
EndGlobal
